{
  "name": "@stdbr/stdbr",
  "version": "0.3.4",
  "lockfileVersion": 3,
  "requires": true,
  "packages": {
    "": {
      "name": "@stdbr/stdbr",
      "version": "0.3.4",
      "license": "Apache-2.0",
      "devDependencies": {
        "@napi-rs/cli": "2.18.4"
      },
      "engines": {
        "node": ">=18.17.0"
      },
      "optionalDependencies": {
        "@stdbr/stdbr-darwin-arm64": "0.3.1",
        "@stdbr/stdbr-darwin-x64": "0.3.1",
        "@stdbr/stdbr-linux-arm64-gnu": "0.3.1",
        "@stdbr/stdbr-linux-x64-gnu": "0.3.1",
        "@stdbr/stdbr-linux-x64-musl": "0.3.1",
        "@stdbr/stdbr-win32-x64-msvc": "0.3.1"
      }
    },
    "node_modules/@napi-rs/cli": {
      "version": "2.18.4",
      "resolved": "https://registry.npmjs.org/@napi-rs/cli/-/cli-2.18.4.tgz",
      "integrity": "sha512-SgJeA4df9DE2iAEpr3M2H0OKl/yjtg1BnRI5/JyowS71tUWhrfSu2LT0V3vlHET+g1hBVlrO60PmEXwUEKp8Mg==",
      "dev": true,
      "license": "MIT",
      "bin": {
        "napi": "scripts/index.js"
      },
      "engines": {
        "node": ">= 10"
      },
      "funding": {
        "type": "github",
        "url": "https://github.com/sponsors/Brooooooklyn"
      }
    },
    "node_modules/@stdbr/stdbr-darwin-arm64": {
      "version": "0.3.1",
      "resolved": "https://registry.npmjs.org/@stdbr/stdbr-darwin-arm64/-/stdbr-darwin-arm64-0.3.1.tgz",
      "integrity": "sha512-jTrTcVxefeyMjkIZJ6j2KL8g7F+wtg9xbKSGbuRJepb07FNOO/WUgDhT3CluRhAxyGb1ePKGcMAkyZLcJN+57g==",
      "cpu": [
        "arm64"
      ],
      "license": "MIT OR Apache-2.0",
      "optional": true,
      "os": [
        "darwin"
      ],
      "engines": {
        "node": ">= 10"
      }
    },
    "node_modules/@stdbr/stdbr-darwin-x64": {
      "version": "0.3.1",
      "resolved": "https://registry.npmjs.org/@stdbr/stdbr-darwin-x64/-/stdbr-darwin-x64-0.3.1.tgz",
      "integrity": "sha512-zF904HGuk/nUFk/cSUyLc8O0xB8EbyHIXCU6fB2g66Egh2gptDj8sxY4clbUqthHfTQ6UpUe+Hu59qXR3suvmg==",
      "cpu": [
        "x64"
      ],
      "license": "MIT OR Apache-2.0",
      "optional": true,
      "os": [
        "darwin"
      ],
      "engines": {
        "node": ">= 10"
      }
    },
    "node_modules/@stdbr/stdbr-linux-arm64-gnu": {
      "version": "0.3.1",
      "resolved": "https://registry.npmjs.org/@stdbr/stdbr-linux-arm64-gnu/-/stdbr-linux-arm64-gnu-0.3.1.tgz",
      "integrity": "sha512-Qwq5lKYr/t5USkZfcP2MsT+Da2GX3lbYk7OOlQCqiSJEDbJ45/0FYO8CFH5Q5ir49lgZvY8yJM1pDXtt/fFueg==",
      "cpu": [
        "arm64"
      ],
      "libc": [
        "glibc"
      ],
      "license": "MIT OR Apache-2.0",
      "optional": true,
      "os": [
        "linux"
      ],
      "engines": {
        "node": ">= 10"
      }
    },
    "node_modules/@stdbr/stdbr-linux-x64-gnu": {
      "version": "0.3.1",
      "resolved": "https://registry.npmjs.org/@stdbr/stdbr-linux-x64-gnu/-/stdbr-linux-x64-gnu-0.3.1.tgz",
      "integrity": "sha512-l55RH42p+An5flP3ms0wVZvMFqC9HAzPCrRAkCsIaAUKedZ02A6PnDmu0rwGRiIODnMeZpoN2iKElvcUB1CjSQ==",
      "cpu": [
        "x64"
      ],
      "libc": [
        "glibc"
      ],
      "license": "MIT OR Apache-2.0",
      "optional": true,
      "os": [
        "linux"
      ],
      "engines": {
        "node": ">= 10"
      }
    },
    "node_modules/@stdbr/stdbr-linux-x64-musl": {
      "version": "0.3.1",
      "resolved": "https://registry.npmjs.org/@stdbr/stdbr-linux-x64-musl/-/stdbr-linux-x64-musl-0.3.1.tgz",
      "integrity": "sha512-pCRkTk1qLkFant97U193DYAcrWxd4ztyGUc2kxsMCAJEMdwsqaEhbcDOsmuBSQOjltRxekQreiaM9FokRJ5YIA==",
      "cpu": [
        "x64"
      ],
      "libc": [
        "musl"
      ],
      "license": "MIT OR Apache-2.0",
      "optional": true,
      "os": [
        "linux"
      ],
      "engines": {
        "node": ">= 10"
      }
    },
    "node_modules/@stdbr/stdbr-win32-x64-msvc": {
      "version": "0.3.1",
      "resolved": "https://registry.npmjs.org/@stdbr/stdbr-win32-x64-msvc/-/stdbr-win32-x64-msvc-0.3.1.tgz",
      "integrity": "sha512-fEv4NNUcF31YFS5i/BaUhmZNVhNp1dKfARipYkycbdJ+TmWPPdzY7iFmWzPB3xT2xwIC7Ghu4Px6yZcxgBWlXg==",
      "cpu": [
        "x64"
      ],
      "license": "MIT OR Apache-2.0",
      "optional": true,
      "os": [
        "win32"
      ],
      "engines": {
        "node": ">= 10"
      }
    }
  }
}
